// !$*UTF8*$!
{
	archiveVersion = 1;
	classes = {
	};
	objectVersion = 46;
	objects = {

/* Begin PBXBuildFile section */
		C47313DE1CDAACA100D102FF /* AppDelegate.swift in Sources */ = {isa = PBXBuildFile; fileRef = C47313DD1CDAACA100D102FF /* AppDelegate.swift */; };
		C47313E01CDAACA100D102FF /* ViewController.swift in Sources */ = {isa = PBXBuildFile; fileRef = C47313DF1CDAACA100D102FF /* ViewController.swift */; };
		C47313E31CDAACA100D102FF /* Main.storyboard in Resources */ = {isa = PBXBuildFile; fileRef = C47313E11CDAACA100D102FF /* Main.storyboard */; };
		C47313E51CDAACA100D102FF /* Assets.xcassets in Resources */ = {isa = PBXBuildFile; fileRef = C47313E41CDAACA100D102FF /* Assets.xcassets */; };
		C47313E81CDAACA100D102FF /* LaunchScreen.storyboard in Resources */ = {isa = PBXBuildFile; fileRef = C47313E61CDAACA100D102FF /* LaunchScreen.storyboard */; };
		C47313F31CDAACA100D102FF /* SuperCoolTests.swift in Sources */ = {isa = PBXBuildFile; fileRef = C47313F21CDAACA100D102FF /* SuperCoolTests.swift */; };
		C47313FE1CDAACA100D102FF /* SuperCoolUITests.swift in Sources */ = {isa = PBXBuildFile; fileRef = C47313FD1CDAACA100D102FF /* SuperCoolUITests.swift */; };
/* End PBXBuildFile section */

/* Begin PBXContainerItemProxy section */
		C47313EF1CDAACA100D102FF /* PBXContainerItemProxy */ = {
			isa = PBXContainerItemProxy;
			containerPortal = C47313D21CDAACA000D102FF /* Project object */;
			proxyType = 1;
			remoteGlobalIDString = C47313D91CDAACA100D102FF;
			remoteInfo = SuperCool;
		};
		C47313FA1CDAACA100D102FF /* PBXContainerItemProxy */ = {
			isa = PBXContainerItemProxy;
			containerPortal = C47313D21CDAACA000D102FF /* Project object */;
			proxyType = 1;
			remoteGlobalIDString = C47313D91CDAACA100D102FF;
			remoteInfo = SuperCool;
		};
/* End PBXContainerItemProxy section */

/* Begin PBXFileReference section */
		C47313DA1CDAACA100D102FF /* SuperCool.app */ = {isa = PBXFileReference; explicitFileType = wrapper.application; includeInIndex = 0; path = SuperCool.app; sourceTree = BUILT_PRODUCTS_DIR; };
		C47313DD1CDAACA100D102FF /* AppDelegate.swift */ = {isa = PBXFileReference; lastKnownFileType = sourcecode.swift; path = AppDelegate.swift; sourceTree = "<group>"; };
		C47313DF1CDAACA100D102FF /* ViewController.swift */ = {isa = PBXFileReference; lastKnownFileType = sourcecode.swift; path = ViewController.swift; sourceTree = "<group>"; };
		C47313E21CDAACA100D102FF /* Base */ = {isa = PBXFileReference; lastKnownFileType = file.storyboard; name = Base; path = Base.lproj/Main.storyboard; sourceTree = "<group>"; };
		C47313E41CDAACA100D102FF /* Assets.xcassets */ = {isa = PBXFileReference; lastKnownFileType = folder.assetcatalog; path = Assets.xcassets; sourceTree = "<group>"; };
		C47313E71CDAACA100D102FF /* Base */ = {isa = PBXFileReference; lastKnownFileType = file.storyboard; name = Base; path = Base.lproj/LaunchScreen.storyboard; sourceTree = "<group>"; };
		C47313E91CDAACA100D102FF /* Info.plist */ = {isa = PBXFileReference; lastKnownFileType = text.plist.xml; path = Info.plist; sourceTree = "<group>"; };
		C47313EE1CDAACA100D102FF /* SuperCoolTests.xctest */ = {isa = PBXFileReference; explicitFileType = wrapper.cfbundle; includeInIndex = 0; path = SuperCoolTests.xctest; sourceTree = BUILT_PRODUCTS_DIR; };
		C47313F21CDAACA100D102FF /* SuperCoolTests.swift */ = {isa = PBXFileReference; lastKnownFileType = sourcecode.swift; path = SuperCoolTests.swift; sourceTree = "<group>"; };
		C47313F41CDAACA100D102FF /* Info.plist */ = {isa = PBXFileReference; lastKnownFileType = text.plist.xml; path = Info.plist; sourceTree = "<group>"; };
		C47313F91CDAACA100D102FF /* SuperCoolUITests.xctest */ = {isa = PBXFileReference; explicitFileType = wrapper.cfbundle; includeInIndex = 0; path = SuperCoolUITests.xctest; sourceTree = BUILT_PRODUCTS_DIR; };
		C47313FD1CDAACA100D102FF /* SuperCoolUITests.swift */ = {isa = PBXFileReference; lastKnownFileType = sourcecode.swift; path = SuperCoolUITests.swift; sourceTree = "<group>"; };
		C47313FF1CDAACA100D102FF /* Info.plist */ = {isa = PBXFileReference; lastKnownFileType = text.plist.xml; path = Info.plist; sourceTree = "<group>"; };
/* End PBXFileReference section */

/* Begin PBXFrameworksBuildPhase section */
		C47313D71CDAACA100D102FF /* Frameworks */ = {
			isa = PBXFrameworksBuildPhase;
			buildActionMask = 2147483647;
			files = (
			);
			runOnlyForDeploymentPostprocessing = 0;
		};
		C47313EB1CDAACA100D102FF /* Frameworks */ = {
			isa = PBXFrameworksBuildPhase;
			buildActionMask = 2147483647;
			files = (
			);
			runOnlyForDeploymentPostprocessing = 0;
		};
		C47313F61CDAACA100D102FF /* Frameworks */ = {
			isa = PBXFrameworksBuildPhase;
			buildActionMask = 2147483647;
			files = (
			);
			runOnlyForDeploymentPostprocessing = 0;
		};
/* End PBXFrameworksBuildPhase section */

/* Begin PBXGroup section */
		C47313D11CDAACA000D102FF = {
			isa = PBXGroup;
			children = (
				C47313DC1CDAACA100D102FF /* SuperCool */,
				C47313F11CDAACA100D102FF /* SuperCoolTests */,
				C47313FC1CDAACA100D102FF /* SuperCoolUITests */,
				C47313DB1CDAACA100D102FF /* Products */,
			);
			sourceTree = "<group>";
		};
		C47313DB1CDAACA100D102FF /* Products */ = {
			isa = PBXGroup;
			children = (
				C47313DA1CDAACA100D102FF /* SuperCool.app */,
				C47313EE1CDAACA100D102FF /* SuperCoolTests.xctest */,
				C47313F91CDAACA100D102FF /* SuperCoolUITests.xctest */,
			);
			name = Products;
			sourceTree = "<group>";
		};
		C47313DC1CDAACA100D102FF /* SuperCool */ = {
			isa = PBXGroup;
			children = (
				C47313DD1CDAACA100D102FF /* AppDelegate.swift */,
				C47313DF1CDAACA100D102FF /* ViewController.swift */,
				C47313E11CDAACA100D102FF /* Main.storyboard */,
				C47313E41CDAACA100D102FF /* Assets.xcassets */,
				C47313E61CDAACA100D102FF /* LaunchScreen.storyboard */,
				C47313E91CDAACA100D102FF /* Info.plist */,
			);
			path = SuperCool;
			sourceTree = "<group>";
		};
		C47313F11CDAACA100D102FF /* SuperCoolTests */ = {
			isa = PBXGroup;
			children = (
				C47313F21CDAACA100D102FF /* SuperCoolTests.swift */,
				C47313F41CDAACA100D102FF /* Info.plist */,
			);
			path = SuperCoolTests;
			sourceTree = "<group>";
		};
		C47313FC1CDAACA100D102FF /* SuperCoolUITests */ = {
			isa = PBXGroup;
			children = (
				C47313FD1CDAACA100D102FF /* SuperCoolUITests.swift */,
				C47313FF1CDAACA100D102FF /* Info.plist */,
			);
			path = SuperCoolUITests;
			sourceTree = "<group>";
		};
/* End PBXGroup section */

/* Begin PBXNativeTarget section */
		C47313D91CDAACA100D102FF /* SuperCool */ = {
			isa = PBXNativeTarget;
			buildConfigurationList = C47314021CDAACA100D102FF /* Build configuration list for PBXNativeTarget "SuperCool" */;
			buildPhases = (
				C47313D61CDAACA100D102FF /* Sources */,
				C47313D71CDAACA100D102FF /* Frameworks */,
				C47313D81CDAACA100D102FF /* Resources */,
			);
			buildRules = (
			);
			dependencies = (
			);
			name = SuperCool;
			productName = SuperCool;
			productReference = C47313DA1CDAACA100D102FF /* SuperCool.app */;
			productType = "com.apple.product-type.application";
		};
		C47313ED1CDAACA100D102FF /* SuperCoolTests */ = {
			isa = PBXNativeTarget;
			buildConfigurationList = C47314051CDAACA100D102FF /* Build configuration list for PBXNativeTarget "SuperCoolTests" */;
			buildPhases = (
				C47313EA1CDAACA100D102FF /* Sources */,
				C47313EB1CDAACA100D102FF /* Frameworks */,
				C47313EC1CDAACA100D102FF /* Resources */,
			);
			buildRules = (
			);
			dependencies = (
				C47313F01CDAACA100D102FF /* PBXTargetDependency */,
			);
			name = SuperCoolTests;
			productName = SuperCoolTests;
			productReference = C47313EE1CDAACA100D102FF /* SuperCoolTests.xctest */;
			productType = "com.apple.product-type.bundle.unit-test";
		};
		C47313F81CDAACA100D102FF /* SuperCoolUITests */ = {
			isa = PBXNativeTarget;
			buildConfigurationList = C47314081CDAACA100D102FF /* Build configuration list for PBXNativeTarget "SuperCoolUITests" */;
			buildPhases = (
				C47313F51CDAACA100D102FF /* Sources */,
				C47313F61CDAACA100D102FF /* Frameworks */,
				C47313F71CDAACA100D102FF /* Resources */,
			);
			buildRules = (
			);
			dependencies = (
				C47313FB1CDAACA100D102FF /* PBXTargetDependency */,
			);
			name = SuperCoolUITests;
			productName = SuperCoolUITests;
			productReference = C47313F91CDAACA100D102FF /* SuperCoolUITests.xctest */;
			productType = "com.apple.product-type.bundle.ui-testing";
		};
/* End PBXNativeTarget section */

/* Begin PBXProject section */
		C47313D21CDAACA000D102FF /* Project object */ = {
			isa = PBXProject;
			attributes = {
				LastSwiftUpdateCheck = 0730;
				LastUpgradeCheck = 0730;
				ORGANIZATIONNAME = "Henry Lan";
				TargetAttributes = {
					C47313D91CDAACA100D102FF = {
						CreatedOnToolsVersion = 7.3;
					};
					C47313ED1CDAACA100D102FF = {
						CreatedOnToolsVersion = 7.3;
						TestTargetID = C47313D91CDAACA100D102FF;
					};
					C47313F81CDAACA100D102FF = {
						CreatedOnToolsVersion = 7.3;
						TestTargetID = C47313D91CDAACA100D102FF;
					};
				};
			};
			buildConfigurationList = C47313D51CDAACA100D102FF /* Build configuration list for PBXProject "SuperCool" */;
			compatibilityVersion = "Xcode 3.2";
			developmentRegion = English;
			hasScannedForEncodings = 0;
			knownRegions = (
				en,
				Base,
			);
			mainGroup = C47313D11CDAACA000D102FF;
			productRefGroup = C47313DB1CDAACA100D102FF /* Products */;
			projectDirPath = "";
			projectRoot = "";
			targets = (
				C47313D91CDAACA100D102FF /* SuperCool */,
				C47313ED1CDAACA100D102FF /* SuperCoolTests */,
				C47313F81CDAACA100D102FF /* SuperCoolUITests */,
			);
		};
/* End PBXProject section */

/* Begin PBXResourcesBuildPhase section */
		C47313D81CDAACA100D102FF /* Resources */ = {
			isa = PBXResourcesBuildPhase;
			buildActionMask = 2147483647;
			files = (
				C47313E81CDAACA100D102FF /* LaunchScreen.storyboard in Resources */,
				C47313E51CDAACA100D102FF /* Assets.xcassets in Resources */,
				C47313E31CDAACA100D102FF /* Main.storyboard in Resources */,
			);
			runOnlyForDeploymentPostprocessing = 0;
		};
		C47313EC1CDAACA100D102FF /* Resources */ = {
			isa = PBXResourcesBuildPhase;
			buildActionMask = 2147483647;
			files = (
			);
			runOnlyForDeploymentPostprocessing = 0;
		};
		C47313F71CDAACA100D102FF /* Resources */ = {
			isa = PBXResourcesBuildPhase;
			buildActionMask = 2147483647;
			files = (
			);
			runOnlyForDeploymentPostprocessing = 0;
		};
/* End PBXResourcesBuildPhase section */

/* Begin PBXSourcesBuildPhase section */
		C47313D61CDAACA100D102FF /* Sources */ = {
			isa = PBXSourcesBuildPhase;
			buildActionMask = 2147483647;
			files = (
				C47313E01CDAACA100D102FF /* ViewController.swift in Sources */,
				C47313DE1CDAACA100D102FF /* AppDelegate.swift in Sources */,
			);
			runOnlyForDeploymentPostprocessing = 0;
		};
		C47313EA1CDAACA100D102FF /* Sources */ = {
			isa = PBXSourcesBuildPhase;
			buildActionMask = 2147483647;
			files = (
				C47313F31CDAACA100D102FF /* SuperCoolTests.swift in Sources */,
			);
			runOnlyForDeploymentPostprocessing = 0;
		};
		C47313F51CDAACA100D102FF /* Sources */ = {
			isa = PBXSourcesBuildPhase;
			buildActionMask = 2147483647;
			files = (
				C47313FE1CDAACA100D102FF /* SuperCoolUITests.swift in Sources */,
			);
			runOnlyForDeploymentPostprocessing = 0;
		};
/* End PBXSourcesBuildPhase section */

/* Begin PBXTargetDependency section */
		C47313F01CDAACA100D102FF /* PBXTargetDependency */ = {
			isa = PBXTargetDependency;
			target = C47313D91CDAACA100D102FF /* SuperCool */;
			targetProxy = C47313EF1CDAACA100D102FF /* PBXContainerItemProxy */;
		};
		C47313FB1CDAACA100D102FF /* PBXTargetDependency */ = {
			isa = PBXTargetDependency;
			target = C47313D91CDAACA100D102FF /* SuperCool */;
			targetProxy = C47313FA1CDAACA100D102FF /* PBXContainerItemProxy */;
		};
/* End PBXTargetDependency section */

/* Begin PBXVariantGroup section */
		C47313E11CDAACA100D102FF /* Main.storyboard */ = {
			isa = PBXVariantGroup;
			children = (
				C47313E21CDAACA100D102FF /* Base */,
			);
			name = Main.storyboard;
			sourceTree = "<group>";
		};
		C47313E61CDAACA100D102FF /* LaunchScreen.storyboard */ = {
			isa = PBXVariantGroup;
			children = (
				C47313E71CDAACA100D102FF /* Base */,
			);
			name = LaunchScreen.storyboard;
			sourceTree = "<group>";
		};
/* End PBXVariantGroup section */

/* Begin XCBuildConfiguration section */
		C47314001CDAACA100D102FF /* Debug */ = {
			isa = XCBuildConfiguration;
			buildSettings = {
				ALWAYS_SEARCH_USER_PATHS = NO;
				CLANG_ANALYZER_NONNULL = YES;
				CLANG_CXX_LANGUAGE_STANDARD = "gnu++0x";
				CLANG_CXX_LIBRARY = "libc++";
				CLANG_ENABLE_MODULES = YES;
				CLANG_ENABLE_OBJC_ARC = YES;
				CLANG_WARN_BOOL_CONVERSION = YES;
				CLANG_WARN_CONSTANT_CONVERSION = YES;
				CLANG_WARN_DIRECT_OBJC_ISA_USAGE = YES_ERROR;
				CLANG_WARN_EMPTY_BODY = YES;
				CLANG_WARN_ENUM_CONVERSION = YES;
				CLANG_WARN_INT_CONVERSION = YES;
				CLANG_WARN_OBJC_ROOT_CLASS = YES_ERROR;
				CLANG_WARN_UNREACHABLE_CODE = YES;
				CLANG_WARN__DUPLICATE_METHOD_MATCH = YES;
				"CODE_SIGN_IDENTITY[sdk=iphoneos*]" = "iPhone Developer";
				COPY_PHASE_STRIP = NO;
				DEBUG_INFORMATION_FORMAT = dwarf;
				ENABLE_STRICT_OBJC_MSGSEND = YES;
				ENABLE_TESTABILITY = YES;
				GCC_C_LANGUAGE_STANDARD = gnu99;
				GCC_DYNAMIC_NO_PIC = NO;
				GCC_NO_COMMON_BLOCKS = YES;
				GCC_OPTIMIZATION_LEVEL = 0;
				GCC_PREPROCESSOR_DEFINITIONS = (
					"DEBUG=1",
					"$(inherited)",
				);
				GCC_WARN_64_TO_32_BIT_CONVERSION = YES;
				GCC_WARN_ABOUT_RETURN_TYPE = YES_ERROR;
				GCC_WARN_UNDECLARED_SELECTOR = YES;
				GCC_WARN_UNINITIALIZED_AUTOS = YES_AGGRESSIVE;
				GCC_WARN_UNUSED_FUNCTION = YES;
				GCC_WARN_UNUSED_VARIABLE = YES;
				IPHONEOS_DEPLOYMENT_TARGET = 9.3;
				MTL_ENABLE_DEBUG_INFO = YES;
				ONLY_ACTIVE_ARCH = YES;
				SDKROOT = iphoneos;
				SWIFT_OPTIMIZATION_LEVEL = "-Onone";
			};
			name = Debug;
		};
		C47314011CDAACA100D102FF /* Release */ = {
			isa = XCBuildConfiguration;
			buildSettings = {
				ALWAYS_SEARCH_USER_PATHS = NO;
				CLANG_ANALYZER_NONNULL = YES;
				CLANG_CXX_LANGUAGE_STANDARD = "gnu++0x";
				CLANG_CXX_LIBRARY = "libc++";
				CLANG_ENABLE_MODULES = YES;
				CLANG_ENABLE_OBJC_ARC = YES;
				CLANG_WARN_BOOL_CONVERSION = YES;
				CLANG_WARN_CONSTANT_CONVERSION = YES;
				CLANG_WARN_DIRECT_OBJC_ISA_USAGE = YES_ERROR;
				CLANG_WARN_EMPTY_BODY = YES;
				CLANG_WARN_ENUM_CONVERSION = YES;
				CLANG_WARN_INT_CONVERSION = YES;
				CLANG_WARN_OBJC_ROOT_CLASS = YES_ERROR;
				CLANG_WARN_UNREACHABLE_CODE = YES;
				CLANG_WARN__DUPLICATE_METHOD_MATCH = YES;
				"CODE_SIGN_IDENTITY[sdk=iphoneos*]" = "iPhone Developer";
				COPY_PHASE_STRIP = NO;
				DEBUG_INFORMATION_FORMAT = "dwarf-with-dsym";
				ENABLE_NS_ASSERTIONS = NO;
				ENABLE_STRICT_OBJC_MSGSEND = YES;
				GCC_C_LANGUAGE_STANDARD = gnu99;
				GCC_NO_COMMON_BLOCKS = YES;
				GCC_WARN_64_TO_32_BIT_CONVERSION = YES;
				GCC_WARN_ABOUT_RETURN_TYPE = YES_ERROR;
				GCC_WARN_UNDECLARED_SELECTOR = YES;
				GCC_WARN_UNINITIALIZED_AUTOS = YES_AGGRESSIVE;
				GCC_WARN_UNUSED_FUNCTION = YES;
				GCC_WARN_UNUSED_VARIABLE = YES;
				IPHONEOS_DEPLOYMENT_TARGET = 9.3;
				MTL_ENABLE_DEBUG_INFO = NO;
				SDKROOT = iphoneos;
				VALIDATE_PRODUCT = YES;
			};
			name = Release;
		};
		C47314031CDAACA100D102FF /* Debug */ = {
			isa = XCBuildConfiguration;
			buildSettings = {
				ASSETCATALOG_COMPILER_APPICON_NAME = AppIcon;
				INFOPLIST_FILE = SuperCool/Info.plist;
				LD_RUNPATH_SEARCH_PATHS = "$(inherited) @executable_path/Frameworks";
				PRODUCT_BUNDLE_IDENTIFIER = com.henrylan.SuperCool;
				PRODUCT_NAME = "$(TARGET_NAME)";
			};
			name = Debug;
		};
		C47314041CDAACA100D102FF /* Release */ = {
			isa = XCBuildConfiguration;
			buildSettings = {
				ASSETCATALOG_COMPILER_APPICON_NAME = AppIcon;
				INFOPLIST_FILE = SuperCool/Info.plist;
				LD_RUNPATH_SEARCH_PATHS = "$(inherited) @executable_path/Frameworks";
				PRODUCT_BUNDLE_IDENTIFIER = com.henrylan.SuperCool;
				PRODUCT_NAME = "$(TARGET_NAME)";
			};
			name = Release;
		};
		C47314061CDAACA100D102FF /* Debug */ = {
			isa = XCBuildConfiguration;
			buildSettings = {
				BUNDLE_LOADER = "$(TEST_HOST)";
				INFOPLIST_FILE = SuperCoolTests/Info.plist;
				LD_RUNPATH_SEARCH_PATHS = "$(inherited) @executable_path/Frameworks @loader_path/Frameworks";
				PRODUCT_BUNDLE_IDENTIFIER = com.henrylan.SuperCoolTests;
				PRODUCT_NAME = "$(TARGET_NAME)";
				TEST_HOST = "$(BUILT_PRODUCTS_DIR)/SuperCool.app/SuperCool";
			};
			name = Debug;
		};
		C47314071CDAACA100D102FF /* Release */ = {
			isa = XCBuildConfiguration;
			buildSettings = {
				BUNDLE_LOADER = "$(TEST_HOST)";
				INFOPLIST_FILE = SuperCoolTests/Info.plist;
				LD_RUNPATH_SEARCH_PATHS = "$(inherited) @executable_path/Frameworks @loader_path/Frameworks";
				PRODUCT_BUNDLE_IDENTIFIER = com.henrylan.SuperCoolTests;
				PRODUCT_NAME = "$(TARGET_NAME)";
				TEST_HOST = "$(BUILT_PRODUCTS_DIR)/SuperCool.app/SuperCool";
			};
			name = Release;
		};
		C47314091CDAACA100D102FF /* Debug */ = {
			isa = XCBuildConfiguration;
			buildSettings = {
				INFOPLIST_FILE = SuperCoolUITests/Info.plist;
				LD_RUNPATH_SEARCH_PATHS = "$(inherited) @executable_path/Frameworks @loader_path/Frameworks";
				PRODUCT_BUNDLE_IDENTIFIER = com.henrylan.SuperCoolUITests;
				PRODUCT_NAME = "$(TARGET_NAME)";
				TEST_TARGET_NAME = SuperCool;
			};
			name = Debug;
		};
		C473140A1CDAACA100D102FF /* Release */ = {
			isa = XCBuildConfiguration;
			buildSettings = {
				INFOPLIST_FILE = SuperCoolUITests/Info.plist;
				LD_RUNPATH_SEARCH_PATHS = "$(inherited) @executable_path/Frameworks @loader_path/Frameworks";
				PRODUCT_BUNDLE_IDENTIFIER = com.henrylan.SuperCoolUITests;
				PRODUCT_NAME = "$(TARGET_NAME)";
				TEST_TARGET_NAME = SuperCool;
			};
			name = Release;
		};
/* End XCBuildConfiguration section */

/* Begin XCConfigurationList section */
		C47313D51CDAACA100D102FF /* Build configuration list for PBXProject "SuperCool" */ = {
			isa = XCConfigurationList;
			buildConfigurations = (
				C47314001CDAACA100D102FF /* Debug */,
				C47314011CDAACA100D102FF /* Release */,
			);
			defaultConfigurationIsVisible = 0;
			defaultConfigurationName = Release;
		};
		C47314021CDAACA100D102FF /* Build configuration list for PBXNativeTarget "SuperCool" */ = {
			isa = XCConfigurationList;
			buildConfigurations = (
				C47314031CDAACA100D102FF /* Debug */,
				C47314041CDAACA100D102FF /* Release */,
			);
			defaultConfigurationIsVisible = 0;
		};
		C47314051CDAACA100D102FF /* Build configuration list for PBXNativeTarget "SuperCoolTests" */ = {
			isa = XCConfigurationList;
			buildConfigurations = (
				C47314061CDAACA100D102FF /* Debug */,
				C47314071CDAACA100D102FF /* Release */,
			);
			defaultConfigurationIsVisible = 0;
		};
		C47314081CDAACA100D102FF /* Build configuration list for PBXNativeTarget "SuperCoolUITests" */ = {
			isa = XCConfigurationList;
			buildConfigurations = (
				C47314091CDAACA100D102FF /* Debug */,
				C473140A1CDAACA100D102FF /* Release */,
			);
			defaultConfigurationIsVisible = 0;
		};
/* End XCConfigurationList section */
	};
	rootObject = C47313D21CDAACA000D102FF /* Project object */;
}
